<?xml version="1.0" encoding="utf-8"?>
<Project ToolsVersion="4.0" xmlns="http://schemas.microsoft.com/developer/msbuild/2003">
  <ItemGroup>
    <Filter Include="enginecode">
      <UniqueIdentifier>{76906484-6248-A6D1-CB4F-7F2DB72641C2}</UniqueIdentifier>
    </Filter>
    <Filter Include="enginecode\include">
      <UniqueIdentifier>{E9CDDD53-D5B1-9EA9-3E12-99FC2A15892B}</UniqueIdentifier>
    </Filter>
    <Filter Include="enginecode\include\independent">
      <UniqueIdentifier>{C6A25F23-B2C8-298A-9B0E-AF5587D34E56}</UniqueIdentifier>
    </Filter>
    <Filter Include="enginecode\include\independent\core">
      <UniqueIdentifier>{FEFEDCCB-6AB8-4776-F317-62505FD0FDE5}</UniqueIdentifier>
    </Filter>
    <Filter Include="enginecode\include\independent\systems">
      <UniqueIdentifier>{EDF64201-D948-1AF1-C267-5701AE5833DA}</UniqueIdentifier>
    </Filter>
    <Filter Include="enginecode\src">
      <UniqueIdentifier>{8D999F4C-7967-9352-62FB-03794E686FB7}</UniqueIdentifier>
    </Filter>
    <Filter Include="enginecode\src\independent">
      <UniqueIdentifier>{6A040C7B-5614-B84B-BFCD-1C6AABFCA6E4}</UniqueIdentifier>
    </Filter>
    <Filter Include="precompiled">
      <UniqueIdentifier>{B96624CA-251C-9DBF-AE10-97961AC593C3}</UniqueIdentifier>
    </Filter>
    <Filter Include="enginecode\src\independent\core">
      <UniqueIdentifier>{4fca1261-468b-49e5-9dbe-b1bf0bc4cbe1}</UniqueIdentifier>
    </Filter>
    <Filter Include="enginecode\include\platform">
      <UniqueIdentifier>{7abda1d4-920a-4e9e-92a6-9af3f7436911}</UniqueIdentifier>
    </Filter>
    <Filter Include="enginecode\include\independent\events">
      <UniqueIdentifier>{506daadf-ed42-4676-bcf0-cfea43a060cf}</UniqueIdentifier>
    </Filter>
    <Filter Include="enginecode\include\platform\GLFW">
      <UniqueIdentifier>{08217b82-5160-4d19-a934-83195b771537}</UniqueIdentifier>
    </Filter>
    <Filter Include="enginecode\include\platform\OpenGL">
      <UniqueIdentifier>{a36f71c9-3815-4eb6-9ab4-b88ac6b8db45}</UniqueIdentifier>
    </Filter>
    <Filter Include="enginecode\include\platform\window">
      <UniqueIdentifier>{abe347d7-3e0e-4a1d-b8e2-5b0ea1482bba}</UniqueIdentifier>
    </Filter>
  </ItemGroup>
  <ItemGroup>
    <ClInclude Include="enginecode\include\independent\core\application.h">
      <Filter>enginecode\include\independent\core</Filter>
    </ClInclude>
    <ClInclude Include="enginecode\include\independent\core\entryPoint.h">
      <Filter>enginecode\include\independent\core</Filter>
    </ClInclude>
    <ClInclude Include="enginecode\include\independent\systems\system.h">
      <Filter>enginecode\include\independent\systems</Filter>
    </ClInclude>
    <ClInclude Include="precompiled\engine_pch.h">
      <Filter>precompiled</Filter>
    </ClInclude>
    <ClInclude Include="enginecode\engine.h">
      <Filter>enginecode\src\independent\core</Filter>
    </ClInclude>
    <ClInclude Include="enginecode\include\independent\core\GC.h" />
    <ClInclude Include="enginecode\include\independent\core\log.h" />
    <ClInclude Include="enginecode\include\independent\core\timer.h" />
    <ClInclude Include="enginecode\include\independent\events\codes.h" />
    <ClInclude Include="enginecode\include\independent\events\event.h" />
    <ClInclude Include="enginecode\include\independent\events\eventCases.h" />
    <ClInclude Include="enginecode\include\independent\events\eventHandler.h" />
    <ClInclude Include="enginecode\include\independent\events\keyEvent.h" />
    <ClInclude Include="enginecode\include\independent\events\mouseEvent.h" />
    <ClInclude Include="enginecode\include\independent\events\windowsEvent.h" />
    <ClInclude Include="enginecode\include\platform\GLFW\GLFW_OpenGL_GC.h" />
    <ClInclude Include="enginecode\include\platform\GLFW\GLFWCodes.h" />
    <ClInclude Include="enginecode\include\platform\GLFW\GLFWInputPoller.h" />
    <ClInclude Include="enginecode\include\platform\GLFW\GLFWsystems.h" />
    <ClInclude Include="enginecode\include\platform\GLFW\GLFWwindow.h" />
    <ClInclude Include="enginecode\include\platform\window\window.h" />
    <ClInclude Include="enginecode\include\platform\GLFW\GLFWgraphics.h" />
    <ClInclude Include="enginecode\include\independent\systems\inputPoller.h" />
  </ItemGroup>
  <ItemGroup>
    <ClCompile Include="precompiled\engine_pch.cpp">
      <Filter>precompiled</Filter>
    </ClCompile>
    <ClCompile Include="enginecode\src\independent\core\application.cpp" />
    <ClCompile Include="enginecode\src\platform\GLFW\GLFW_OpenGL_GC.cpp" />
    <ClCompile Include="enginecode\src\platform\GLFW\GLFWgraphics.cpp" />
    <ClCompile Include="enginecode\src\platform\GLFW\GLFWInputPoller.cpp" />
    <ClCompile Include="enginecode\src\platform\GLFW\GLFWwindow.cpp" />
    <ClCompile Include="enginecode\src\independent\core\log.cpp" />
    <ClCompile Include="enginecode\src\independent\core\timer.cpp" />
    <ClCompile Include="enginecode\src\independent\system\inputPoller.cpp" />
  </ItemGroup>
</Project>