<?xml version="1.0" encoding="utf-8"?>
<Project ToolsVersion="4.0" xmlns="http://schemas.microsoft.com/developer/msbuild/2003">
  <ItemGroup>
    <Filter Include="enginecode">
      <UniqueIdentifier>{76906484-6248-A6D1-CB4F-7F2DB72641C2}</UniqueIdentifier>
    </Filter>
    <Filter Include="enginecode\include">
      <UniqueIdentifier>{E9CDDD53-D5B1-9EA9-3E12-99FC2A15892B}</UniqueIdentifier>
    </Filter>
    <Filter Include="enginecode\include\independent">
      <UniqueIdentifier>{C6A25F23-B2C8-298A-9B0E-AF5587D34E56}</UniqueIdentifier>
    </Filter>
    <Filter Include="enginecode\include\independent\core">
      <UniqueIdentifier>{FEFEDCCB-6AB8-4776-F317-62505FD0FDE5}</UniqueIdentifier>
    </Filter>
    <Filter Include="enginecode\include\independent\events">
      <UniqueIdentifier>{0AC83A3C-768C-392C-3FF2-69F6AB75D561}</UniqueIdentifier>
    </Filter>
    <Filter Include="enginecode\include\independent\rendering">
      <UniqueIdentifier>{B33B08CE-9FB8-FB10-C835-FC24B41198A4}</UniqueIdentifier>
    </Filter>
    <Filter Include="enginecode\include\independent\rendering\objects">
      <UniqueIdentifier>{8C75FD23-781E-6553-A1B4-80D28DBC7F94}</UniqueIdentifier>
    </Filter>
    <Filter Include="enginecode\include\independent\systems">
      <UniqueIdentifier>{EDF64201-D948-1AF1-C267-5701AE5833DA}</UniqueIdentifier>
    </Filter>
    <Filter Include="enginecode\include\independent\systems\camera">
      <UniqueIdentifier>{E5F27CCE-5163-7F47-1A82-F9CF86B1B748}</UniqueIdentifier>
    </Filter>
    <Filter Include="enginecode\include\platform">
      <UniqueIdentifier>{7D5C3B44-E969-692A-7250-6515DE5C35E1}</UniqueIdentifier>
    </Filter>
    <Filter Include="enginecode\include\platform\GLFW">
      <UniqueIdentifier>{DC6DC4E2-C8BE-AF24-F122-9EE6DDD2428E}</UniqueIdentifier>
    </Filter>
    <Filter Include="enginecode\include\platform\OpenGL">
      <UniqueIdentifier>{1177DDBA-FDB2-E024-66C5-F81B5220893F}</UniqueIdentifier>
    </Filter>
    <Filter Include="enginecode\include\platform\window">
      <UniqueIdentifier>{E4EEB117-D02A-B581-393D-CD7825985D9C}</UniqueIdentifier>
    </Filter>
    <Filter Include="enginecode\src">
      <UniqueIdentifier>{8D999F4C-7967-9352-62FB-03794E686FB7}</UniqueIdentifier>
    </Filter>
    <Filter Include="enginecode\src\independent">
      <UniqueIdentifier>{6A040C7B-5614-B84B-BFCD-1C6AABFCA6E4}</UniqueIdentifier>
    </Filter>
    <Filter Include="enginecode\src\independent\core">
      <UniqueIdentifier>{2207FC91-8EEA-0AD2-97ED-380E0350D122}</UniqueIdentifier>
    </Filter>
    <Filter Include="enginecode\src\independent\rendering">
      <UniqueIdentifier>{57FAC53C-43E1-8734-EC31-EE51D8F7009B}</UniqueIdentifier>
    </Filter>
    <Filter Include="enginecode\src\independent\system">
      <UniqueIdentifier>{5EB02227-CA1E-78A6-1308-33A67FB56D42}</UniqueIdentifier>
    </Filter>
    <Filter Include="enginecode\src\independent\system\camera">
      <UniqueIdentifier>{3683619F-2200-55E2-4B7D-55F63759F175}</UniqueIdentifier>
    </Filter>
    <Filter Include="enginecode\src\platform">
      <UniqueIdentifier>{A180F69D-0DB8-3E35-16C2-A2588278652E}</UniqueIdentifier>
    </Filter>
    <Filter Include="enginecode\src\platform\GLFW">
      <UniqueIdentifier>{80C80FD7-6C83-FF82-153B-78CD01D54913}</UniqueIdentifier>
    </Filter>
    <Filter Include="enginecode\src\platform\OpenGL">
      <UniqueIdentifier>{B50A6AEF-A130-3456-8A76-B921763B5922}</UniqueIdentifier>
    </Filter>
    <Filter Include="precompiled">
      <UniqueIdentifier>{B96624CA-251C-9DBF-AE10-97961AC593C3}</UniqueIdentifier>
    </Filter>
  </ItemGroup>
  <ItemGroup>
    <ClInclude Include="enginecode\engine.h">
      <Filter>enginecode</Filter>
    </ClInclude>
    <ClInclude Include="enginecode\include\independent\core\GC.h">
      <Filter>enginecode\include\independent\core</Filter>
    </ClInclude>
    <ClInclude Include="enginecode\include\independent\core\application.h">
      <Filter>enginecode\include\independent\core</Filter>
    </ClInclude>
    <ClInclude Include="enginecode\include\independent\core\entryPoint.h">
      <Filter>enginecode\include\independent\core</Filter>
    </ClInclude>
    <ClInclude Include="enginecode\include\independent\core\log.h">
      <Filter>enginecode\include\independent\core</Filter>
    </ClInclude>
    <ClInclude Include="enginecode\include\independent\core\timer.h">
      <Filter>enginecode\include\independent\core</Filter>
    </ClInclude>
    <ClInclude Include="enginecode\include\independent\events\codes.h">
      <Filter>enginecode\include\independent\events</Filter>
    </ClInclude>
    <ClInclude Include="enginecode\include\independent\events\event.h">
      <Filter>enginecode\include\independent\events</Filter>
    </ClInclude>
    <ClInclude Include="enginecode\include\independent\events\eventCases.h">
      <Filter>enginecode\include\independent\events</Filter>
    </ClInclude>
    <ClInclude Include="enginecode\include\independent\events\eventHandler.h">
      <Filter>enginecode\include\independent\events</Filter>
    </ClInclude>
    <ClInclude Include="enginecode\include\independent\events\keyEvent.h">
      <Filter>enginecode\include\independent\events</Filter>
    </ClInclude>
    <ClInclude Include="enginecode\include\independent\events\mouseEvent.h">
      <Filter>enginecode\include\independent\events</Filter>
    </ClInclude>
    <ClInclude Include="enginecode\include\independent\events\windowsEvent.h">
      <Filter>enginecode\include\independent\events</Filter>
    </ClInclude>
    <ClInclude Include="enginecode\include\independent\rendering\agnosticIndexBuffer.h">
      <Filter>enginecode\include\independent\rendering</Filter>
    </ClInclude>
    <ClInclude Include="enginecode\include\independent\rendering\bufferLayout.h">
      <Filter>enginecode\include\independent\rendering</Filter>
    </ClInclude>
    <ClInclude Include="enginecode\include\independent\rendering\normalMapper.h">
      <Filter>enginecode\include\independent\rendering</Filter>
    </ClInclude>
    <ClInclude Include="enginecode\include\independent\rendering\objects\cube.h">
      <Filter>enginecode\include\independent\rendering\objects</Filter>
    </ClInclude>
    <ClInclude Include="enginecode\include\independent\rendering\objects\pyramid.h">
      <Filter>enginecode\include\independent\rendering\objects</Filter>
    </ClInclude>
    <ClInclude Include="enginecode\include\independent\rendering\renderAPI.h">
      <Filter>enginecode\include\independent\rendering</Filter>
    </ClInclude>
    <ClInclude Include="enginecode\include\independent\rendering\renderer2D.h">
      <Filter>enginecode\include\independent\rendering</Filter>
    </ClInclude>
    <ClInclude Include="enginecode\include\independent\rendering\renderer3D.h">
      <Filter>enginecode\include\independent\rendering</Filter>
    </ClInclude>
    <ClInclude Include="enginecode\include\independent\rendering\rendererCommon.h">
      <Filter>enginecode\include\independent\rendering</Filter>
    </ClInclude>
    <ClInclude Include="enginecode\include\independent\rendering\shaderDataType.h">
      <Filter>enginecode\include\independent\rendering</Filter>
    </ClInclude>
    <ClInclude Include="enginecode\include\independent\systems\camera\camera.h">
      <Filter>enginecode\include\independent\systems\camera</Filter>
    </ClInclude>
    <ClInclude Include="enginecode\include\independent\systems\camera\perspectiveCamera.h">
      <Filter>enginecode\include\independent\systems\camera</Filter>
    </ClInclude>
    <ClInclude Include="enginecode\include\independent\systems\inputHandler.h">
      <Filter>enginecode\include\independent\systems</Filter>
    </ClInclude>
    <ClInclude Include="enginecode\include\independent\systems\inputPoller.h">
      <Filter>enginecode\include\independent\systems</Filter>
    </ClInclude>
    <ClInclude Include="enginecode\include\independent\systems\properties.h">
      <Filter>enginecode\include\independent\systems</Filter>
    </ClInclude>
    <ClInclude Include="enginecode\include\independent\systems\system.h">
      <Filter>enginecode\include\independent\systems</Filter>
    </ClInclude>
    <ClInclude Include="enginecode\include\platform\GLFW\GLFWCodes.h">
      <Filter>enginecode\include\platform\GLFW</Filter>
    </ClInclude>
    <ClInclude Include="enginecode\include\platform\GLFW\GLFWInputPoller.h">
      <Filter>enginecode\include\platform\GLFW</Filter>
    </ClInclude>
    <ClInclude Include="enginecode\include\platform\GLFW\GLFW_OpenGL_GC.h">
      <Filter>enginecode\include\platform\GLFW</Filter>
    </ClInclude>
    <ClInclude Include="enginecode\include\platform\GLFW\GLFWgraphics.h">
      <Filter>enginecode\include\platform\GLFW</Filter>
    </ClInclude>
    <ClInclude Include="enginecode\include\platform\GLFW\GLFWsystems.h">
      <Filter>enginecode\include\platform\GLFW</Filter>
    </ClInclude>
    <ClInclude Include="enginecode\include\platform\GLFW\GLFWwindow.h">
      <Filter>enginecode\include\platform\GLFW</Filter>
    </ClInclude>
    <ClInclude Include="enginecode\include\platform\OpenGL\OpenGLIndexBuffer.h">
      <Filter>enginecode\include\platform\OpenGL</Filter>
    </ClInclude>
    <ClInclude Include="enginecode\include\platform\OpenGL\OpenGLShader.h">
      <Filter>enginecode\include\platform\OpenGL</Filter>
    </ClInclude>
    <ClInclude Include="enginecode\include\platform\OpenGL\OpenGLTexture.h">
      <Filter>enginecode\include\platform\OpenGL</Filter>
    </ClInclude>
    <ClInclude Include="enginecode\include\platform\OpenGL\OpenGLVertexArray.h">
      <Filter>enginecode\include\platform\OpenGL</Filter>
    </ClInclude>
    <ClInclude Include="enginecode\include\platform\OpenGL\OpenGLVertexBuffer.h">
      <Filter>enginecode\include\platform\OpenGL</Filter>
    </ClInclude>
    <ClInclude Include="enginecode\include\platform\window\window.h">
      <Filter>enginecode\include\platform\window</Filter>
    </ClInclude>
    <ClInclude Include="precompiled\engine_pch.h">
      <Filter>precompiled</Filter>
    </ClInclude>
    <ClInclude Include="enginecode\include\independent\systems\stb_image.h" />
    <ClInclude Include="enginecode\include\independent\rendering\objects\object.h" />
    <ClInclude Include="enginecode\include\independent\rendering\objects\plane.h" />
    <ClInclude Include="enginecode\include\independent\rendering\Utilities\grid.h" />
    <ClInclude Include="enginecode\include\independent\rendering\objects\sphere.h" />
    <ClInclude Include="..\vendor\IMGui\imconfig.h" />
  </ItemGroup>
  <ItemGroup>
    <ClCompile Include="enginecode\src\independent\core\application.cpp">
      <Filter>enginecode\src\independent\core</Filter>
    </ClCompile>
    <ClCompile Include="enginecode\src\independent\core\log.cpp">
      <Filter>enginecode\src\independent\core</Filter>
    </ClCompile>
    <ClCompile Include="enginecode\src\independent\core\timer.cpp">
      <Filter>enginecode\src\independent\core</Filter>
    </ClCompile>
    <ClCompile Include="enginecode\src\independent\rendering\normalMapper.cpp">
      <Filter>enginecode\src\independent\rendering</Filter>
    </ClCompile>
    <ClCompile Include="enginecode\src\independent\rendering\renderAPI.cpp">
      <Filter>enginecode\src\independent\rendering</Filter>
    </ClCompile>
    <ClCompile Include="enginecode\src\independent\rendering\renderer2D.cpp">
      <Filter>enginecode\src\independent\rendering</Filter>
    </ClCompile>
    <ClCompile Include="enginecode\src\independent\rendering\renderer3D.cpp">
      <Filter>enginecode\src\independent\rendering</Filter>
    </ClCompile>
    <ClCompile Include="enginecode\src\independent\system\camera\perspectiveCamera.cpp">
      <Filter>enginecode\src\independent\system\camera</Filter>
    </ClCompile>
    <ClCompile Include="enginecode\src\independent\system\inputHandler.cpp">
      <Filter>enginecode\src\independent\system</Filter>
    </ClCompile>
    <ClCompile Include="enginecode\src\independent\system\inputPoller.cpp">
      <Filter>enginecode\src\independent\system</Filter>
    </ClCompile>
    <ClCompile Include="enginecode\src\platform\GLFW\GLFWInputPoller.cpp">
      <Filter>enginecode\src\platform\GLFW</Filter>
    </ClCompile>
    <ClCompile Include="enginecode\src\platform\GLFW\GLFW_OpenGL_GC.cpp">
      <Filter>enginecode\src\platform\GLFW</Filter>
    </ClCompile>
    <ClCompile Include="enginecode\src\platform\GLFW\GLFWgraphics.cpp">
      <Filter>enginecode\src\platform\GLFW</Filter>
    </ClCompile>
    <ClCompile Include="enginecode\src\platform\GLFW\GLFWwindow.cpp">
      <Filter>enginecode\src\platform\GLFW</Filter>
    </ClCompile>
    <ClCompile Include="enginecode\src\platform\OpenGL\OpenGLIndexBuffer.cpp">
      <Filter>enginecode\src\platform\OpenGL</Filter>
    </ClCompile>
    <ClCompile Include="enginecode\src\platform\OpenGL\OpenGLShader.cpp">
      <Filter>enginecode\src\platform\OpenGL</Filter>
    </ClCompile>
    <ClCompile Include="enginecode\src\platform\OpenGL\OpenGLTexture.cpp">
      <Filter>enginecode\src\platform\OpenGL</Filter>
    </ClCompile>
    <ClCompile Include="enginecode\src\platform\OpenGL\OpenGLVertexArray.cpp">
      <Filter>enginecode\src\platform\OpenGL</Filter>
    </ClCompile>
    <ClCompile Include="enginecode\src\platform\OpenGL\OpenGLVertexBuffer.cpp">
      <Filter>enginecode\src\platform\OpenGL</Filter>
    </ClCompile>
    <ClCompile Include="precompiled\engine_pch.cpp">
      <Filter>precompiled</Filter>
    </ClCompile>
    <ClCompile Include="enginecode\src\independent\system\stb_image.cpp" />
    <ClCompile Include="enginecode\src\independent\rendering\Utilities\grid.cpp" />
    <ClCompile Include="enginecode\src\independent\rendering\Utilities\sphere.cpp" />
  </ItemGroup>
</Project>